// !$*UTF8*$!
{
	archiveVersion = 1;
	classes = {
	};
	objectVersion = 52;
	objects = {

/* Begin PBXBuildFile section */
		66967884277BFCFD00F14AB6 /* swiftui_parchmentApp.swift in Sources */ = {isa = PBXBuildFile; fileRef = 66967883277BFCFD00F14AB6 /* swiftui_parchmentApp.swift */; };
		66967886277BFCFD00F14AB6 /* ContentView.swift in Sources */ = {isa = PBXBuildFile; fileRef = 66967885277BFCFD00F14AB6 /* ContentView.swift */; };
		66967888277BFCFE00F14AB6 /* Assets.xcassets in Resources */ = {isa = PBXBuildFile; fileRef = 66967887277BFCFE00F14AB6 /* Assets.xcassets */; };
		6696788B277BFCFE00F14AB6 /* Preview Assets.xcassets in Resources */ = {isa = PBXBuildFile; fileRef = 6696788A277BFCFE00F14AB6 /* Preview Assets.xcassets */; };
		66967896277BFCFF00F14AB6 /* swiftui_parchmentTests.swift in Sources */ = {isa = PBXBuildFile; fileRef = 66967895277BFCFF00F14AB6 /* swiftui_parchmentTests.swift */; };
		669678A1277BFCFF00F14AB6 /* swiftui_parchmentUITests.swift in Sources */ = {isa = PBXBuildFile; fileRef = 669678A0277BFCFF00F14AB6 /* swiftui_parchmentUITests.swift */; };
		669678B0277BFFD800F14AB6 /* Parchment in Frameworks */ = {isa = PBXBuildFile; productRef = 669678AF277BFFD800F14AB6 /* Parchment */; };
		669678B3277C016400F14AB6 /* NormalView.swift in Sources */ = {isa = PBXBuildFile; fileRef = 669678B2277C016400F14AB6 /* NormalView.swift */; };
		669678B5277C023F00F14AB6 /* CustomPageView.swift in Sources */ = {isa = PBXBuildFile; fileRef = 669678B4277C023F00F14AB6 /* CustomPageView.swift */; };
/* End PBXBuildFile section */

/* Begin PBXContainerItemProxy section */
		66967892277BFCFF00F14AB6 /* PBXContainerItemProxy */ = {
			isa = PBXContainerItemProxy;
			containerPortal = 66967878277BFCFD00F14AB6 /* Project object */;
			proxyType = 1;
			remoteGlobalIDString = 6696787F277BFCFD00F14AB6;
			remoteInfo = swiftui_parchment;
		};
		6696789D277BFCFF00F14AB6 /* PBXContainerItemProxy */ = {
			isa = PBXContainerItemProxy;
			containerPortal = 66967878277BFCFD00F14AB6 /* Project object */;
			proxyType = 1;
			remoteGlobalIDString = 6696787F277BFCFD00F14AB6;
			remoteInfo = swiftui_parchment;
		};
/* End PBXContainerItemProxy section */

/* Begin PBXFileReference section */
		66967880277BFCFD00F14AB6 /* swiftui_parchment.app */ = {isa = PBXFileReference; explicitFileType = wrapper.application; includeInIndex = 0; path = swiftui_parchment.app; sourceTree = BUILT_PRODUCTS_DIR; };
		66967883277BFCFD00F14AB6 /* swiftui_parchmentApp.swift */ = {isa = PBXFileReference; lastKnownFileType = sourcecode.swift; path = swiftui_parchmentApp.swift; sourceTree = "<group>"; };
		66967885277BFCFD00F14AB6 /* ContentView.swift */ = {isa = PBXFileReference; lastKnownFileType = sourcecode.swift; path = ContentView.swift; sourceTree = "<group>"; };
		66967887277BFCFE00F14AB6 /* Assets.xcassets */ = {isa = PBXFileReference; lastKnownFileType = folder.assetcatalog; path = Assets.xcassets; sourceTree = "<group>"; };
		6696788A277BFCFE00F14AB6 /* Preview Assets.xcassets */ = {isa = PBXFileReference; lastKnownFileType = folder.assetcatalog; path = "Preview Assets.xcassets"; sourceTree = "<group>"; };
		6696788C277BFCFE00F14AB6 /* Info.plist */ = {isa = PBXFileReference; lastKnownFileType = text.plist.xml; path = Info.plist; sourceTree = "<group>"; };
		66967891277BFCFF00F14AB6 /* swiftui_parchmentTests.xctest */ = {isa = PBXFileReference; explicitFileType = wrapper.cfbundle; includeInIndex = 0; path = swiftui_parchmentTests.xctest; sourceTree = BUILT_PRODUCTS_DIR; };
		66967895277BFCFF00F14AB6 /* swiftui_parchmentTests.swift */ = {isa = PBXFileReference; lastKnownFileType = sourcecode.swift; path = swiftui_parchmentTests.swift; sourceTree = "<group>"; };
		66967897277BFCFF00F14AB6 /* Info.plist */ = {isa = PBXFileReference; lastKnownFileType = text.plist.xml; path = Info.plist; sourceTree = "<group>"; };
		6696789C277BFCFF00F14AB6 /* swiftui_parchmentUITests.xctest */ = {isa = PBXFileReference; explicitFileType = wrapper.cfbundle; includeInIndex = 0; path = swiftui_parchmentUITests.xctest; sourceTree = BUILT_PRODUCTS_DIR; };
		669678A0277BFCFF00F14AB6 /* swiftui_parchmentUITests.swift */ = {isa = PBXFileReference; lastKnownFileType = sourcecode.swift; path = swiftui_parchmentUITests.swift; sourceTree = "<group>"; };
		669678A2277BFCFF00F14AB6 /* Info.plist */ = {isa = PBXFileReference; lastKnownFileType = text.plist.xml; path = Info.plist; sourceTree = "<group>"; };
		669678B2277C016400F14AB6 /* NormalView.swift */ = {isa = PBXFileReference; lastKnownFileType = sourcecode.swift; path = NormalView.swift; sourceTree = "<group>"; };
		669678B4277C023F00F14AB6 /* CustomPageView.swift */ = {isa = PBXFileReference; lastKnownFileType = sourcecode.swift; path = CustomPageView.swift; sourceTree = "<group>"; };
/* End PBXFileReference section */

/* Begin PBXFrameworksBuildPhase section */
		6696787D277BFCFD00F14AB6 /* Frameworks */ = {
			isa = PBXFrameworksBuildPhase;
			buildActionMask = 2147483647;
			files = (
				669678B0277BFFD800F14AB6 /* Parchment in Frameworks */,
			);
			runOnlyForDeploymentPostprocessing = 0;
		};
		6696788E277BFCFF00F14AB6 /* Frameworks */ = {
			isa = PBXFrameworksBuildPhase;
			buildActionMask = 2147483647;
			files = (
			);
			runOnlyForDeploymentPostprocessing = 0;
		};
		66967899277BFCFF00F14AB6 /* Frameworks */ = {
			isa = PBXFrameworksBuildPhase;
			buildActionMask = 2147483647;
			files = (
			);
			runOnlyForDeploymentPostprocessing = 0;
		};
/* End PBXFrameworksBuildPhase section */

/* Begin PBXGroup section */
		66967877277BFCFD00F14AB6 = {
			isa = PBXGroup;
			children = (
				66967882277BFCFD00F14AB6 /* swiftui_parchment */,
				66967894277BFCFF00F14AB6 /* swiftui_parchmentTests */,
				6696789F277BFCFF00F14AB6 /* swiftui_parchmentUITests */,
				66967881277BFCFD00F14AB6 /* Products */,
			);
			sourceTree = "<group>";
		};
		66967881277BFCFD00F14AB6 /* Products */ = {
			isa = PBXGroup;
			children = (
				66967880277BFCFD00F14AB6 /* swiftui_parchment.app */,
				66967891277BFCFF00F14AB6 /* swiftui_parchmentTests.xctest */,
				6696789C277BFCFF00F14AB6 /* swiftui_parchmentUITests.xctest */,
			);
			name = Products;
			sourceTree = "<group>";
		};
		66967882277BFCFD00F14AB6 /* swiftui_parchment */ = {
			isa = PBXGroup;
			children = (
				669678B1277C012B00F14AB6 /* View */,
				66967883277BFCFD00F14AB6 /* swiftui_parchmentApp.swift */,
				66967885277BFCFD00F14AB6 /* ContentView.swift */,
				66967887277BFCFE00F14AB6 /* Assets.xcassets */,
				6696788C277BFCFE00F14AB6 /* Info.plist */,
				66967889277BFCFE00F14AB6 /* Preview Content */,
				669678B4277C023F00F14AB6 /* CustomPageView.swift */,
			);
			path = swiftui_parchment;
			sourceTree = "<group>";
		};
		66967889277BFCFE00F14AB6 /* Preview Content */ = {
			isa = PBXGroup;
			children = (
				6696788A277BFCFE00F14AB6 /* Preview Assets.xcassets */,
			);
			path = "Preview Content";
			sourceTree = "<group>";
		};
		66967894277BFCFF00F14AB6 /* swiftui_parchmentTests */ = {
			isa = PBXGroup;
			children = (
				66967895277BFCFF00F14AB6 /* swiftui_parchmentTests.swift */,
				66967897277BFCFF00F14AB6 /* Info.plist */,
			);
			path = swiftui_parchmentTests;
			sourceTree = "<group>";
		};
		6696789F277BFCFF00F14AB6 /* swiftui_parchmentUITests */ = {
			isa = PBXGroup;
			children = (
				669678A0277BFCFF00F14AB6 /* swiftui_parchmentUITests.swift */,
				669678A2277BFCFF00F14AB6 /* Info.plist */,
			);
			path = swiftui_parchmentUITests;
			sourceTree = "<group>";
		};
		669678B1277C012B00F14AB6 /* View */ = {
			isa = PBXGroup;
			children = (
				669678B2277C016400F14AB6 /* NormalView.swift */,
			);
			path = View;
			sourceTree = "<group>";
		};
/* End PBXGroup section */

/* Begin PBXNativeTarget section */
		6696787F277BFCFD00F14AB6 /* swiftui_parchment */ = {
			isa = PBXNativeTarget;
			buildConfigurationList = 669678A5277BFCFF00F14AB6 /* Build configuration list for PBXNativeTarget "swiftui_parchment" */;
			buildPhases = (
				6696787C277BFCFD00F14AB6 /* Sources */,
				6696787D277BFCFD00F14AB6 /* Frameworks */,
				6696787E277BFCFD00F14AB6 /* Resources */,
			);
			buildRules = (
			);
			dependencies = (
			);
			name = swiftui_parchment;
			packageProductDependencies = (
				669678AF277BFFD800F14AB6 /* Parchment */,
			);
			productName = swiftui_parchment;
			productReference = 66967880277BFCFD00F14AB6 /* swiftui_parchment.app */;
			productType = "com.apple.product-type.application";
		};
		66967890277BFCFF00F14AB6 /* swiftui_parchmentTests */ = {
			isa = PBXNativeTarget;
			buildConfigurationList = 669678A8277BFCFF00F14AB6 /* Build configuration list for PBXNativeTarget "swiftui_parchmentTests" */;
			buildPhases = (
				6696788D277BFCFF00F14AB6 /* Sources */,
				6696788E277BFCFF00F14AB6 /* Frameworks */,
				6696788F277BFCFF00F14AB6 /* Resources */,
			);
			buildRules = (
			);
			dependencies = (
				66967893277BFCFF00F14AB6 /* PBXTargetDependency */,
			);
			name = swiftui_parchmentTests;
			productName = swiftui_parchmentTests;
			productReference = 66967891277BFCFF00F14AB6 /* swiftui_parchmentTests.xctest */;
			productType = "com.apple.product-type.bundle.unit-test";
		};
		6696789B277BFCFF00F14AB6 /* swiftui_parchmentUITests */ = {
			isa = PBXNativeTarget;
			buildConfigurationList = 669678AB277BFCFF00F14AB6 /* Build configuration list for PBXNativeTarget "swiftui_parchmentUITests" */;
			buildPhases = (
				66967898277BFCFF00F14AB6 /* Sources */,
				66967899277BFCFF00F14AB6 /* Frameworks */,
				6696789A277BFCFF00F14AB6 /* Resources */,
			);
			buildRules = (
			);
			dependencies = (
				6696789E277BFCFF00F14AB6 /* PBXTargetDependency */,
			);
			name = swiftui_parchmentUITests;
			productName = swiftui_parchmentUITests;
			productReference = 6696789C277BFCFF00F14AB6 /* swiftui_parchmentUITests.xctest */;
			productType = "com.apple.product-type.bundle.ui-testing";
		};
/* End PBXNativeTarget section */

/* Begin PBXProject section */
		66967878277BFCFD00F14AB6 /* Project object */ = {
			isa = PBXProject;
			attributes = {
				LastSwiftUpdateCheck = 1250;
				LastUpgradeCheck = 1250;
				TargetAttributes = {
					6696787F277BFCFD00F14AB6 = {
						CreatedOnToolsVersion = 12.5;
					};
					66967890277BFCFF00F14AB6 = {
						CreatedOnToolsVersion = 12.5;
						TestTargetID = 6696787F277BFCFD00F14AB6;
					};
					6696789B277BFCFF00F14AB6 = {
						CreatedOnToolsVersion = 12.5;
						TestTargetID = 6696787F277BFCFD00F14AB6;
					};
				};
			};
			buildConfigurationList = 6696787B277BFCFD00F14AB6 /* Build configuration list for PBXProject "swiftui_parchment" */;
			compatibilityVersion = "Xcode 9.3";
			developmentRegion = en;
			hasScannedForEncodings = 0;
			knownRegions = (
				en,
				Base,
			);
			mainGroup = 66967877277BFCFD00F14AB6;
			packageReferences = (
				669678AE277BFFD800F14AB6 /* XCRemoteSwiftPackageReference "Parchment" */,
			);
			productRefGroup = 66967881277BFCFD00F14AB6 /* Products */;
			projectDirPath = "";
			projectRoot = "";
			targets = (
				6696787F277BFCFD00F14AB6 /* swiftui_parchment */,
				66967890277BFCFF00F14AB6 /* swiftui_parchmentTests */,
				6696789B277BFCFF00F14AB6 /* swiftui_parchmentUITests */,
			);
		};
/* End PBXProject section */

/* Begin PBXResourcesBuildPhase section */
		6696787E277BFCFD00F14AB6 /* Resources */ = {
			isa = PBXResourcesBuildPhase;
			buildActionMask = 2147483647;
			files = (
				6696788B277BFCFE00F14AB6 /* Preview Assets.xcassets in Resources */,
				66967888277BFCFE00F14AB6 /* Assets.xcassets in Resources */,
			);
			runOnlyForDeploymentPostprocessing = 0;
		};
		6696788F277BFCFF00F14AB6 /* Resources */ = {
			isa = PBXResourcesBuildPhase;
			buildActionMask = 2147483647;
			files = (
			);
			runOnlyForDeploymentPostprocessing = 0;
		};
		6696789A277BFCFF00F14AB6 /* Resources */ = {
			isa = PBXResourcesBuildPhase;
			buildActionMask = 2147483647;
			files = (
			);
			runOnlyForDeploymentPostprocessing = 0;
		};
/* End PBXResourcesBuildPhase section */

/* Begin PBXSourcesBuildPhase section */
		6696787C277BFCFD00F14AB6 /* Sources */ = {
			isa = PBXSourcesBuildPhase;
			buildActionMask = 2147483647;
			files = (
				669678B3277C016400F14AB6 /* NormalView.swift in Sources */,
				66967886277BFCFD00F14AB6 /* ContentView.swift in Sources */,
				669678B5277C023F00F14AB6 /* CustomPageView.swift in Sources */,
				66967884277BFCFD00F14AB6 /* swiftui_parchmentApp.swift in Sources */,
			);
			runOnlyForDeploymentPostprocessing = 0;
		};
		6696788D277BFCFF00F14AB6 /* Sources */ = {
			isa = PBXSourcesBuildPhase;
			buildActionMask = 2147483647;
			files = (
				66967896277BFCFF00F14AB6 /* swiftui_parchmentTests.swift in Sources */,
			);
			runOnlyForDeploymentPostprocessing = 0;
		};
		66967898277BFCFF00F14AB6 /* Sources */ = {
			isa = PBXSourcesBuildPhase;
			buildActionMask = 2147483647;
			files = (
				669678A1277BFCFF00F14AB6 /* swiftui_parchmentUITests.swift in Sources */,
			);
			runOnlyForDeploymentPostprocessing = 0;
		};
/* End PBXSourcesBuildPhase section */

/* Begin PBXTargetDependency section */
		66967893277BFCFF00F14AB6 /* PBXTargetDependency */ = {
			isa = PBXTargetDependency;
			target = 6696787F277BFCFD00F14AB6 /* swiftui_parchment */;
			targetProxy = 66967892277BFCFF00F14AB6 /* PBXContainerItemProxy */;
		};
		6696789E277BFCFF00F14AB6 /* PBXTargetDependency */ = {
			isa = PBXTargetDependency;
			target = 6696787F277BFCFD00F14AB6 /* swiftui_parchment */;
			targetProxy = 6696789D277BFCFF00F14AB6 /* PBXContainerItemProxy */;
		};
/* End PBXTargetDependency section */

/* Begin XCBuildConfiguration section */
		669678A3277BFCFF00F14AB6 /* Debug */ = {
			isa = XCBuildConfiguration;
			buildSettings = {
				ALWAYS_SEARCH_USER_PATHS = NO;
				CLANG_ANALYZER_NONNULL = YES;
				CLANG_ANALYZER_NUMBER_OBJECT_CONVERSION = YES_AGGRESSIVE;
				CLANG_CXX_LANGUAGE_STANDARD = "gnu++14";
				CLANG_CXX_LIBRARY = "libc++";
				CLANG_ENABLE_MODULES = YES;
				CLANG_ENABLE_OBJC_ARC = YES;
				CLANG_ENABLE_OBJC_WEAK = YES;
				CLANG_WARN_BLOCK_CAPTURE_AUTORELEASING = YES;
				CLANG_WARN_BOOL_CONVERSION = YES;
				CLANG_WARN_COMMA = YES;
				CLANG_WARN_CONSTANT_CONVERSION = YES;
				CLANG_WARN_DEPRECATED_OBJC_IMPLEMENTATIONS = YES;
				CLANG_WARN_DIRECT_OBJC_ISA_USAGE = YES_ERROR;
				CLANG_WARN_DOCUMENTATION_COMMENTS = YES;
				CLANG_WARN_EMPTY_BODY = YES;
				CLANG_WARN_ENUM_CONVERSION = YES;
				CLANG_WARN_INFINITE_RECURSION = YES;
				CLANG_WARN_INT_CONVERSION = YES;
				CLANG_WARN_NON_LITERAL_NULL_CONVERSION = YES;
				CLANG_WARN_OBJC_IMPLICIT_RETAIN_SELF = YES;
				CLANG_WARN_OBJC_LITERAL_CONVERSION = YES;
				CLANG_WARN_OBJC_ROOT_CLASS = YES_ERROR;
				CLANG_WARN_QUOTED_INCLUDE_IN_FRAMEWORK_HEADER = YES;
				CLANG_WARN_RANGE_LOOP_ANALYSIS = YES;
				CLANG_WARN_STRICT_PROTOTYPES = YES;
				CLANG_WARN_SUSPICIOUS_MOVE = YES;
				CLANG_WARN_UNGUARDED_AVAILABILITY = YES_AGGRESSIVE;
				CLANG_WARN_UNREACHABLE_CODE = YES;
				CLANG_WARN__DUPLICATE_METHOD_MATCH = YES;
				COPY_PHASE_STRIP = NO;
				DEBUG_INFORMATION_FORMAT = dwarf;
				ENABLE_STRICT_OBJC_MSGSEND = YES;
				ENABLE_TESTABILITY = YES;
				GCC_C_LANGUAGE_STANDARD = gnu11;
				GCC_DYNAMIC_NO_PIC = NO;
				GCC_NO_COMMON_BLOCKS = YES;
				GCC_OPTIMIZATION_LEVEL = 0;
				GCC_PREPROCESSOR_DEFINITIONS = (
					"DEBUG=1",
					"$(inherited)",
				);
				GCC_WARN_64_TO_32_BIT_CONVERSION = YES;
				GCC_WARN_ABOUT_RETURN_TYPE = YES_ERROR;
				GCC_WARN_UNDECLARED_SELECTOR = YES;
				GCC_WARN_UNINITIALIZED_AUTOS = YES_AGGRESSIVE;
				GCC_WARN_UNUSED_FUNCTION = YES;
				GCC_WARN_UNUSED_VARIABLE = YES;
				IPHONEOS_DEPLOYMENT_TARGET = 14.5;
				MTL_ENABLE_DEBUG_INFO = INCLUDE_SOURCE;
				MTL_FAST_MATH = YES;
				ONLY_ACTIVE_ARCH = YES;
				SDKROOT = iphoneos;
				SWIFT_ACTIVE_COMPILATION_CONDITIONS = DEBUG;
				SWIFT_OPTIMIZATION_LEVEL = "-Onone";
			};
			name = Debug;
		};
		669678A4277BFCFF00F14AB6 /* Release */ = {
			isa = XCBuildConfiguration;
			buildSettings = {
				ALWAYS_SEARCH_USER_PATHS = NO;
				CLANG_ANALYZER_NONNULL = YES;
				CLANG_ANALYZER_NUMBER_OBJECT_CONVERSION = YES_AGGRESSIVE;
				CLANG_CXX_LANGUAGE_STANDARD = "gnu++14";
				CLANG_CXX_LIBRARY = "libc++";
				CLANG_ENABLE_MODULES = YES;
				CLANG_ENABLE_OBJC_ARC = YES;
				CLANG_ENABLE_OBJC_WEAK = YES;
				CLANG_WARN_BLOCK_CAPTURE_AUTORELEASING = YES;
				CLANG_WARN_BOOL_CONVERSION = YES;
				CLANG_WARN_COMMA = YES;
				CLANG_WARN_CONSTANT_CONVERSION = YES;
				CLANG_WARN_DEPRECATED_OBJC_IMPLEMENTATIONS = YES;
				CLANG_WARN_DIRECT_OBJC_ISA_USAGE = YES_ERROR;
				CLANG_WARN_DOCUMENTATION_COMMENTS = YES;
				CLANG_WARN_EMPTY_BODY = YES;
				CLANG_WARN_ENUM_CONVERSION = YES;
				CLANG_WARN_INFINITE_RECURSION = YES;
				CLANG_WARN_INT_CONVERSION = YES;
				CLANG_WARN_NON_LITERAL_NULL_CONVERSION = YES;
				CLANG_WARN_OBJC_IMPLICIT_RETAIN_SELF = YES;
				CLANG_WARN_OBJC_LITERAL_CONVERSION = YES;
				CLANG_WARN_OBJC_ROOT_CLASS = YES_ERROR;
				CLANG_WARN_QUOTED_INCLUDE_IN_FRAMEWORK_HEADER = YES;
				CLANG_WARN_RANGE_LOOP_ANALYSIS = YES;
				CLANG_WARN_STRICT_PROTOTYPES = YES;
				CLANG_WARN_SUSPICIOUS_MOVE = YES;
				CLANG_WARN_UNGUARDED_AVAILABILITY = YES_AGGRESSIVE;
				CLANG_WARN_UNREACHABLE_CODE = YES;
				CLANG_WARN__DUPLICATE_METHOD_MATCH = YES;
				COPY_PHASE_STRIP = NO;
				DEBUG_INFORMATION_FORMAT = "dwarf-with-dsym";
				ENABLE_NS_ASSERTIONS = NO;
				ENABLE_STRICT_OBJC_MSGSEND = YES;
				GCC_C_LANGUAGE_STANDARD = gnu11;
				GCC_NO_COMMON_BLOCKS = YES;
				GCC_WARN_64_TO_32_BIT_CONVERSION = YES;
				GCC_WARN_ABOUT_RETURN_TYPE = YES_ERROR;
				GCC_WARN_UNDECLARED_SELECTOR = YES;
				GCC_WARN_UNINITIALIZED_AUTOS = YES_AGGRESSIVE;
				GCC_WARN_UNUSED_FUNCTION = YES;
				GCC_WARN_UNUSED_VARIABLE = YES;
				IPHONEOS_DEPLOYMENT_TARGET = 14.5;
				MTL_ENABLE_DEBUG_INFO = NO;
				MTL_FAST_MATH = YES;
				SDKROOT = iphoneos;
				SWIFT_COMPILATION_MODE = wholemodule;
				SWIFT_OPTIMIZATION_LEVEL = "-O";
				VALIDATE_PRODUCT = YES;
			};
			name = Release;
		};
		669678A6277BFCFF00F14AB6 /* Debug */ = {
			isa = XCBuildConfiguration;
			buildSettings = {
				ASSETCATALOG_COMPILER_APPICON_NAME = AppIcon;
				ASSETCATALOG_COMPILER_GLOBAL_ACCENT_COLOR_NAME = AccentColor;
				CODE_SIGN_STYLE = Automatic;
				DEVELOPMENT_ASSET_PATHS = "\"swiftui_parchment/Preview Content\"";
				DEVELOPMENT_TEAM = 84Y6X6PKWV;
				ENABLE_PREVIEWS = YES;
				INFOPLIST_FILE = swiftui_parchment/Info.plist;
				IPHONEOS_DEPLOYMENT_TARGET = 14.0;
				LD_RUNPATH_SEARCH_PATHS = (
					"$(inherited)",
					"@executable_path/Frameworks",
				);
				PRODUCT_BUNDLE_IDENTIFIER = "com.omochi.swiftui-parchment";
				PRODUCT_NAME = "$(TARGET_NAME)";
				SWIFT_VERSION = 5.0;
				TARGETED_DEVICE_FAMILY = "1,2";
			};
			name = Debug;
		};
		669678A7277BFCFF00F14AB6 /* Release */ = {
			isa = XCBuildConfiguration;
			buildSettings = {
				ASSETCATALOG_COMPILER_APPICON_NAME = AppIcon;
				ASSETCATALOG_COMPILER_GLOBAL_ACCENT_COLOR_NAME = AccentColor;
				CODE_SIGN_STYLE = Automatic;
				DEVELOPMENT_ASSET_PATHS = "\"swiftui_parchment/Preview Content\"";
				DEVELOPMENT_TEAM = 84Y6X6PKWV;
				ENABLE_PREVIEWS = YES;
				INFOPLIST_FILE = swiftui_parchment/Info.plist;
				IPHONEOS_DEPLOYMENT_TARGET = 14.0;
				LD_RUNPATH_SEARCH_PATHS = (
					"$(inherited)",
					"@executable_path/Frameworks",
				);
				PRODUCT_BUNDLE_IDENTIFIER = "com.omochi.swiftui-parchment";
				PRODUCT_NAME = "$(TARGET_NAME)";
				SWIFT_VERSION = 5.0;
				TARGETED_DEVICE_FAMILY = "1,2";
			};
			name = Release;
		};
		669678A9277BFCFF00F14AB6 /* Debug */ = {
			isa = XCBuildConfiguration;
			buildSettings = {
				ALWAYS_EMBED_SWIFT_STANDARD_LIBRARIES = YES;
				BUNDLE_LOADER = "$(TEST_HOST)";
				CODE_SIGN_STYLE = Automatic;
				DEVELOPMENT_TEAM = 84Y6X6PKWV;
				INFOPLIST_FILE = swiftui_parchmentTests/Info.plist;
				IPHONEOS_DEPLOYMENT_TARGET = 14.0;
				LD_RUNPATH_SEARCH_PATHS = (
					"$(inherited)",
					"@executable_path/Frameworks",
					"@loader_path/Frameworks",
				);
				PRODUCT_BUNDLE_IDENTIFIER = "com.omochi.swiftui-parchmentTests";
				PRODUCT_NAME = "$(TARGET_NAME)";
				SWIFT_VERSION = 5.0;
				TARGETED_DEVICE_FAMILY = "1,2";
				TEST_HOST = "$(BUILT_PRODUCTS_DIR)/swiftui_parchment.app/swiftui_parchment";
			};
			name = Debug;
		};
		669678AA277BFCFF00F14AB6 /* Release */ = {
			isa = XCBuildConfiguration;
			buildSettings = {
				ALWAYS_EMBED_SWIFT_STANDARD_LIBRARIES = YES;
				BUNDLE_LOADER = "$(TEST_HOST)";
				CODE_SIGN_STYLE = Automatic;
				DEVELOPMENT_TEAM = 84Y6X6PKWV;
				INFOPLIST_FILE = swiftui_parchmentTests/Info.plist;
				IPHONEOS_DEPLOYMENT_TARGET = 14.0;
				LD_RUNPATH_SEARCH_PATHS = (
					"$(inherited)",
					"@executable_path/Frameworks",
					"@loader_path/Frameworks",
				);
				PRODUCT_BUNDLE_IDENTIFIER = "com.omochi.swiftui-parchmentTests";
				PRODUCT_NAME = "$(TARGET_NAME)";
				SWIFT_VERSION = 5.0;
				TARGETED_DEVICE_FAMILY = "1,2";
				TEST_HOST = "$(BUILT_PRODUCTS_DIR)/swiftui_parchment.app/swiftui_parchment";
			};
			name = Release;
		};
		669678AC277BFCFF00F14AB6 /* Debug */ = {
			isa = XCBuildConfiguration;
			buildSettings = {
				ALWAYS_EMBED_SWIFT_STANDARD_LIBRARIES = YES;
				CODE_SIGN_STYLE = Automatic;
				DEVELOPMENT_TEAM = 84Y6X6PKWV;
				INFOPLIST_FILE = swiftui_parchmentUITests/Info.plist;
				LD_RUNPATH_SEARCH_PATHS = (
					"$(inherited)",
					"@executable_path/Frameworks",
					"@loader_path/Frameworks",
				);
				PRODUCT_BUNDLE_IDENTIFIER = "com.omochi.swiftui-parchmentUITests";
				PRODUCT_NAME = "$(TARGET_NAME)";
				SWIFT_VERSION = 5.0;
				TARGETED_DEVICE_FAMILY = "1,2";
				TEST_TARGET_NAME = swiftui_parchment;
			};
			name = Debug;
		};
		669678AD277BFCFF00F14AB6 /* Release */ = {
			isa = XCBuildConfiguration;
			buildSettings = {
				ALWAYS_EMBED_SWIFT_STANDARD_LIBRARIES = YES;
				CODE_SIGN_STYLE = Automatic;
				DEVELOPMENT_TEAM = 84Y6X6PKWV;
				INFOPLIST_FILE = swiftui_parchmentUITests/Info.plist;
				LD_RUNPATH_SEARCH_PATHS = (
					"$(inherited)",
					"@executable_path/Frameworks",
					"@loader_path/Frameworks",
				);
				PRODUCT_BUNDLE_IDENTIFIER = "com.omochi.swiftui-parchmentUITests";
				PRODUCT_NAME = "$(TARGET_NAME)";
				SWIFT_VERSION = 5.0;
				TARGETED_DEVICE_FAMILY = "1,2";
				TEST_TARGET_NAME = swiftui_parchment;
			};
			name = Release;
		};
/* End XCBuildConfiguration section */

/* Begin XCConfigurationList section */
		6696787B277BFCFD00F14AB6 /* Build configuration list for PBXProject "swiftui_parchment" */ = {
			isa = XCConfigurationList;
			buildConfigurations = (
				669678A3277BFCFF00F14AB6 /* Debug */,
				669678A4277BFCFF00F14AB6 /* Release */,
			);
			defaultConfigurationIsVisible = 0;
			defaultConfigurationName = Release;
		};
		669678A5277BFCFF00F14AB6 /* Build configuration list for PBXNativeTarget "swiftui_parchment" */ = {
			isa = XCConfigurationList;
			buildConfigurations = (
				669678A6277BFCFF00F14AB6 /* Debug */,
				669678A7277BFCFF00F14AB6 /* Release */,
			);
			defaultConfigurationIsVisible = 0;
			defaultConfigurationName = Release;
		};
		669678A8277BFCFF00F14AB6 /* Build configuration list for PBXNativeTarget "swiftui_parchmentTests" */ = {
			isa = XCConfigurationList;
			buildConfigurations = (
				669678A9277BFCFF00F14AB6 /* Debug */,
				669678AA277BFCFF00F14AB6 /* Release */,
			);
			defaultConfigurationIsVisible = 0;
			defaultConfigurationName = Release;
		};
		669678AB277BFCFF00F14AB6 /* Build configuration list for PBXNativeTarget "swiftui_parchmentUITests" */ = {
			isa = XCConfigurationList;
			buildConfigurations = (
				669678AC277BFCFF00F14AB6 /* Debug */,
				669678AD277BFCFF00F14AB6 /* Release */,
			);
			defaultConfigurationIsVisible = 0;
			defaultConfigurationName = Release;
		};
/* End XCConfigurationList section */

/* Begin XCRemoteSwiftPackageReference section */
		669678AE277BFFD800F14AB6 /* XCRemoteSwiftPackageReference "Parchment" */ = {
			isa = XCRemoteSwiftPackageReference;
			repositoryURL = "https://github.com/rechsteiner/Parchment";
			requirement = {
				kind = upToNextMajorVersion;
				minimumVersion = 3.1.0;
			};
		};
/* End XCRemoteSwiftPackageReference section */

/* Begin XCSwiftPackageProductDependency section */
		669678AF277BFFD800F14AB6 /* Parchment */ = {
			isa = XCSwiftPackageProductDependency;
			package = 669678AE277BFFD800F14AB6 /* XCRemoteSwiftPackageReference "Parchment" */;
			productName = Parchment;
		};
/* End XCSwiftPackageProductDependency section */
	};
	rootObject = 66967878277BFCFD00F14AB6 /* Project object */;
}
